
Microsoft Visual Studio Solution File, Format Version 12.00
# Visual Studio Version 17
VisualStudioVersion = 17.5.33516.290
MinimumVisualStudioVersion = 10.0.40219.1
Project("{FAE04EC0-301F-11D3-BF4B-00C04F79EFBC}") = "IDesktopWallpaperWrapper", "IDesktopWallpaperWrapper.csproj", "{33AF0771-15EC-476A-BA19-7539A1684766}"
EndProject
Project("{FAE04EC0-301F-11D3-BF4B-00C04F79EFBC}") = "IDW-UnitTest", "IDW-UnitTestProject\IDW-UnitTest.csproj", "{DA8E4070-387A-43F2-AB35-A64958ABE960}"
EndProject
Global
	GlobalSection(SolutionConfigurationPlatforms) = preSolution
		Debug|Any CPU = Debug|Any CPU
		Release|Any CPU = Release|Any CPU
	EndGlobalSection
	GlobalSection(ProjectConfigurationPlatforms) = postSolution
		{33AF0771-15EC-476A-BA19-7539A1684766}.Debug|Any CPU.ActiveCfg = Debug|Any CPU
		{33AF0771-15EC-476A-BA19-7539A1684766}.Debug|Any CPU.Build.0 = Debug|Any CPU
		{33AF0771-15EC-476A-BA19-7539A1684766}.Release|Any CPU.ActiveCfg = Release|Any CPU
		{33AF0771-15EC-476A-BA19-7539A1684766}.Release|Any CPU.Build.0 = Release|Any CPU
		{DA8E4070-387A-43F2-AB35-A64958ABE960}.Debug|Any CPU.ActiveCfg = Debug|Any CPU
		{DA8E4070-387A-43F2-AB35-A64958ABE960}.Debug|Any CPU.Build.0 = Debug|Any CPU
		{DA8E4070-387A-43F2-AB35-A64958ABE960}.Release|Any CPU.ActiveCfg = Release|Any CPU
		{DA8E4070-387A-43F2-AB35-A64958ABE960}.Release|Any CPU.Build.0 = Release|Any CPU
	EndGlobalSection
	GlobalSection(SolutionProperties) = preSolution
		HideSolutionNode = FALSE
	EndGlobalSection
	GlobalSection(ExtensibilityGlobals) = postSolution
		SolutionGuid = {ABF35D96-163B-4CF4-BA70-DFF3B92A5998}
	EndGlobalSection
EndGlobal
